// !$*UTF8*$!
{
	archiveVersion = 1;
	classes = {
	};
	objectVersion = 46;
	objects = {

/* Begin PBXBuildFile section */
		F48AC5B31D04126300C07320 /* AppDelegate.swift in Sources */ = {isa = PBXBuildFile; fileRef = F48AC5B21D04126300C07320 /* AppDelegate.swift */; };
		F48AC5B51D04126300C07320 /* ViewController.swift in Sources */ = {isa = PBXBuildFile; fileRef = F48AC5B41D04126300C07320 /* ViewController.swift */; };
		F48AC5B81D04126300C07320 /* Main.storyboard in Resources */ = {isa = PBXBuildFile; fileRef = F48AC5B61D04126300C07320 /* Main.storyboard */; };
		F48AC5BB1D04126400C07320 /* SampleNotStoryBoard.xcdatamodeld in Sources */ = {isa = PBXBuildFile; fileRef = F48AC5B91D04126300C07320 /* SampleNotStoryBoard.xcdatamodeld */; };
		F48AC5BD1D04126400C07320 /* Assets.xcassets in Resources */ = {isa = PBXBuildFile; fileRef = F48AC5BC1D04126400C07320 /* Assets.xcassets */; };
		F48AC5C01D04126400C07320 /* LaunchScreen.storyboard in Resources */ = {isa = PBXBuildFile; fileRef = F48AC5BE1D04126400C07320 /* LaunchScreen.storyboard */; };
		F48AC5CB1D04126400C07320 /* SampleNotStoryBoardTests.swift in Sources */ = {isa = PBXBuildFile; fileRef = F48AC5CA1D04126400C07320 /* SampleNotStoryBoardTests.swift */; };
		F48AC5D61D04126400C07320 /* SampleNotStoryBoardUITests.swift in Sources */ = {isa = PBXBuildFile; fileRef = F48AC5D51D04126400C07320 /* SampleNotStoryBoardUITests.swift */; };
/* End PBXBuildFile section */

/* Begin PBXContainerItemProxy section */
		F48AC5C71D04126400C07320 /* PBXContainerItemProxy */ = {
			isa = PBXContainerItemProxy;
			containerPortal = F48AC5A71D04126300C07320 /* Project object */;
			proxyType = 1;
			remoteGlobalIDString = F48AC5AE1D04126300C07320;
			remoteInfo = SampleNotStoryBoard;
		};
		F48AC5D21D04126400C07320 /* PBXContainerItemProxy */ = {
			isa = PBXContainerItemProxy;
			containerPortal = F48AC5A71D04126300C07320 /* Project object */;
			proxyType = 1;
			remoteGlobalIDString = F48AC5AE1D04126300C07320;
			remoteInfo = SampleNotStoryBoard;
		};
/* End PBXContainerItemProxy section */

/* Begin PBXFileReference section */
		F48AC5AF1D04126300C07320 /* SampleNotStoryBoard.app */ = {isa = PBXFileReference; explicitFileType = wrapper.application; includeInIndex = 0; path = SampleNotStoryBoard.app; sourceTree = BUILT_PRODUCTS_DIR; };
		F48AC5B21D04126300C07320 /* AppDelegate.swift */ = {isa = PBXFileReference; lastKnownFileType = sourcecode.swift; path = AppDelegate.swift; sourceTree = "<group>"; };
		F48AC5B41D04126300C07320 /* ViewController.swift */ = {isa = PBXFileReference; lastKnownFileType = sourcecode.swift; path = ViewController.swift; sourceTree = "<group>"; };
		F48AC5B71D04126300C07320 /* Base */ = {isa = PBXFileReference; lastKnownFileType = file.storyboard; name = Base; path = Base.lproj/Main.storyboard; sourceTree = "<group>"; };
		F48AC5BA1D04126300C07320 /* SampleNotStoryBoard.xcdatamodel */ = {isa = PBXFileReference; lastKnownFileType = wrapper.xcdatamodel; path = SampleNotStoryBoard.xcdatamodel; sourceTree = "<group>"; };
		F48AC5BC1D04126400C07320 /* Assets.xcassets */ = {isa = PBXFileReference; lastKnownFileType = folder.assetcatalog; path = Assets.xcassets; sourceTree = "<group>"; };
		F48AC5BF1D04126400C07320 /* Base */ = {isa = PBXFileReference; lastKnownFileType = file.storyboard; name = Base; path = Base.lproj/LaunchScreen.storyboard; sourceTree = "<group>"; };
		F48AC5C11D04126400C07320 /* Info.plist */ = {isa = PBXFileReference; lastKnownFileType = text.plist.xml; path = Info.plist; sourceTree = "<group>"; };
		F48AC5C61D04126400C07320 /* SampleNotStoryBoardTests.xctest */ = {isa = PBXFileReference; explicitFileType = wrapper.cfbundle; includeInIndex = 0; path = SampleNotStoryBoardTests.xctest; sourceTree = BUILT_PRODUCTS_DIR; };
		F48AC5CA1D04126400C07320 /* SampleNotStoryBoardTests.swift */ = {isa = PBXFileReference; lastKnownFileType = sourcecode.swift; path = SampleNotStoryBoardTests.swift; sourceTree = "<group>"; };
		F48AC5CC1D04126400C07320 /* Info.plist */ = {isa = PBXFileReference; lastKnownFileType = text.plist.xml; path = Info.plist; sourceTree = "<group>"; };
		F48AC5D11D04126400C07320 /* SampleNotStoryBoardUITests.xctest */ = {isa = PBXFileReference; explicitFileType = wrapper.cfbundle; includeInIndex = 0; path = SampleNotStoryBoardUITests.xctest; sourceTree = BUILT_PRODUCTS_DIR; };
		F48AC5D51D04126400C07320 /* SampleNotStoryBoardUITests.swift */ = {isa = PBXFileReference; lastKnownFileType = sourcecode.swift; path = SampleNotStoryBoardUITests.swift; sourceTree = "<group>"; };
		F48AC5D71D04126400C07320 /* Info.plist */ = {isa = PBXFileReference; lastKnownFileType = text.plist.xml; path = Info.plist; sourceTree = "<group>"; };
/* End PBXFileReference section */

/* Begin PBXFrameworksBuildPhase section */
		F48AC5AC1D04126300C07320 /* Frameworks */ = {
			isa = PBXFrameworksBuildPhase;
			buildActionMask = 2147483647;
			files = (
			);
			runOnlyForDeploymentPostprocessing = 0;
		};
		F48AC5C31D04126400C07320 /* Frameworks */ = {
			isa = PBXFrameworksBuildPhase;
			buildActionMask = 2147483647;
			files = (
			);
			runOnlyForDeploymentPostprocessing = 0;
		};
		F48AC5CE1D04126400C07320 /* Frameworks */ = {
			isa = PBXFrameworksBuildPhase;
			buildActionMask = 2147483647;
			files = (
			);
			runOnlyForDeploymentPostprocessing = 0;
		};
/* End PBXFrameworksBuildPhase section */

/* Begin PBXGroup section */
		F48AC5A61D04126300C07320 = {
			isa = PBXGroup;
			children = (
				F48AC5B11D04126300C07320 /* SampleNotStoryBoard */,
				F48AC5C91D04126400C07320 /* SampleNotStoryBoardTests */,
				F48AC5D41D04126400C07320 /* SampleNotStoryBoardUITests */,
				F48AC5B01D04126300C07320 /* Products */,
			);
			sourceTree = "<group>";
		};
		F48AC5B01D04126300C07320 /* Products */ = {
			isa = PBXGroup;
			children = (
				F48AC5AF1D04126300C07320 /* SampleNotStoryBoard.app */,
				F48AC5C61D04126400C07320 /* SampleNotStoryBoardTests.xctest */,
				F48AC5D11D04126400C07320 /* SampleNotStoryBoardUITests.xctest */,
			);
			name = Products;
			sourceTree = "<group>";
		};
		F48AC5B11D04126300C07320 /* SampleNotStoryBoard */ = {
			isa = PBXGroup;
			children = (
				F48AC5B21D04126300C07320 /* AppDelegate.swift */,
				F48AC5B41D04126300C07320 /* ViewController.swift */,
				F48AC5B61D04126300C07320 /* Main.storyboard */,
				F48AC5BC1D04126400C07320 /* Assets.xcassets */,
				F48AC5BE1D04126400C07320 /* LaunchScreen.storyboard */,
				F48AC5C11D04126400C07320 /* Info.plist */,
				F48AC5B91D04126300C07320 /* SampleNotStoryBoard.xcdatamodeld */,
			);
			path = SampleNotStoryBoard;
			sourceTree = "<group>";
		};
		F48AC5C91D04126400C07320 /* SampleNotStoryBoardTests */ = {
			isa = PBXGroup;
			children = (
				F48AC5CA1D04126400C07320 /* SampleNotStoryBoardTests.swift */,
				F48AC5CC1D04126400C07320 /* Info.plist */,
			);
			path = SampleNotStoryBoardTests;
			sourceTree = "<group>";
		};
		F48AC5D41D04126400C07320 /* SampleNotStoryBoardUITests */ = {
			isa = PBXGroup;
			children = (
				F48AC5D51D04126400C07320 /* SampleNotStoryBoardUITests.swift */,
				F48AC5D71D04126400C07320 /* Info.plist */,
			);
			path = SampleNotStoryBoardUITests;
			sourceTree = "<group>";
		};
/* End PBXGroup section */

/* Begin PBXNativeTarget section */
		F48AC5AE1D04126300C07320 /* SampleNotStoryBoard */ = {
			isa = PBXNativeTarget;
			buildConfigurationList = F48AC5DA1D04126400C07320 /* Build configuration list for PBXNativeTarget "SampleNotStoryBoard" */;
			buildPhases = (
				F48AC5AB1D04126300C07320 /* Sources */,
				F48AC5AC1D04126300C07320 /* Frameworks */,
				F48AC5AD1D04126300C07320 /* Resources */,
			);
			buildRules = (
			);
			dependencies = (
			);
			name = SampleNotStoryBoard;
			productName = SampleNotStoryBoard;
			productReference = F48AC5AF1D04126300C07320 /* SampleNotStoryBoard.app */;
			productType = "com.apple.product-type.application";
		};
		F48AC5C51D04126400C07320 /* SampleNotStoryBoardTests */ = {
			isa = PBXNativeTarget;
			buildConfigurationList = F48AC5DD1D04126400C07320 /* Build configuration list for PBXNativeTarget "SampleNotStoryBoardTests" */;
			buildPhases = (
				F48AC5C21D04126400C07320 /* Sources */,
				F48AC5C31D04126400C07320 /* Frameworks */,
				F48AC5C41D04126400C07320 /* Resources */,
			);
			buildRules = (
			);
			dependencies = (
				F48AC5C81D04126400C07320 /* PBXTargetDependency */,
			);
			name = SampleNotStoryBoardTests;
			productName = SampleNotStoryBoardTests;
			productReference = F48AC5C61D04126400C07320 /* SampleNotStoryBoardTests.xctest */;
			productType = "com.apple.product-type.bundle.unit-test";
		};
		F48AC5D01D04126400C07320 /* SampleNotStoryBoardUITests */ = {
			isa = PBXNativeTarget;
			buildConfigurationList = F48AC5E01D04126400C07320 /* Build configuration list for PBXNativeTarget "SampleNotStoryBoardUITests" */;
			buildPhases = (
				F48AC5CD1D04126400C07320 /* Sources */,
				F48AC5CE1D04126400C07320 /* Frameworks */,
				F48AC5CF1D04126400C07320 /* Resources */,
			);
			buildRules = (
			);
			dependencies = (
				F48AC5D31D04126400C07320 /* PBXTargetDependency */,
			);
			name = SampleNotStoryBoardUITests;
			productName = SampleNotStoryBoardUITests;
			productReference = F48AC5D11D04126400C07320 /* SampleNotStoryBoardUITests.xctest */;
			productType = "com.apple.product-type.bundle.ui-testing";
		};
/* End PBXNativeTarget section */

/* Begin PBXProject section */
		F48AC5A71D04126300C07320 /* Project object */ = {
			isa = PBXProject;
			attributes = {
				LastSwiftUpdateCheck = 0720;
				LastUpgradeCheck = 0720;
				ORGANIZATIONNAME = masakikamachi;
				TargetAttributes = {
					F48AC5AE1D04126300C07320 = {
						CreatedOnToolsVersion = 7.2.1;
					};
					F48AC5C51D04126400C07320 = {
						CreatedOnToolsVersion = 7.2.1;
						TestTargetID = F48AC5AE1D04126300C07320;
					};
					F48AC5D01D04126400C07320 = {
						CreatedOnToolsVersion = 7.2.1;
						TestTargetID = F48AC5AE1D04126300C07320;
					};
				};
			};
			buildConfigurationList = F48AC5AA1D04126300C07320 /* Build configuration list for PBXProject "SampleNotStoryBoard" */;
			compatibilityVersion = "Xcode 3.2";
			developmentRegion = English;
			hasScannedForEncodings = 0;
			knownRegions = (
				en,
				Base,
			);
			mainGroup = F48AC5A61D04126300C07320;
			productRefGroup = F48AC5B01D04126300C07320 /* Products */;
			projectDirPath = "";
			projectRoot = "";
			targets = (
				F48AC5AE1D04126300C07320 /* SampleNotStoryBoard */,
				F48AC5C51D04126400C07320 /* SampleNotStoryBoardTests */,
				F48AC5D01D04126400C07320 /* SampleNotStoryBoardUITests */,
			);
		};
/* End PBXProject section */

/* Begin PBXResourcesBuildPhase section */
		F48AC5AD1D04126300C07320 /* Resources */ = {
			isa = PBXResourcesBuildPhase;
			buildActionMask = 2147483647;
			files = (
				F48AC5C01D04126400C07320 /* LaunchScreen.storyboard in Resources */,
				F48AC5BD1D04126400C07320 /* Assets.xcassets in Resources */,
				F48AC5B81D04126300C07320 /* Main.storyboard in Resources */,
			);
			runOnlyForDeploymentPostprocessing = 0;
		};
		F48AC5C41D04126400C07320 /* Resources */ = {
			isa = PBXResourcesBuildPhase;
			buildActionMask = 2147483647;
			files = (
			);
			runOnlyForDeploymentPostprocessing = 0;
		};
		F48AC5CF1D04126400C07320 /* Resources */ = {
			isa = PBXResourcesBuildPhase;
			buildActionMask = 2147483647;
			files = (
			);
			runOnlyForDeploymentPostprocessing = 0;
		};
/* End PBXResourcesBuildPhase section */

/* Begin PBXSourcesBuildPhase section */
		F48AC5AB1D04126300C07320 /* Sources */ = {
			isa = PBXSourcesBuildPhase;
			buildActionMask = 2147483647;
			files = (
				F48AC5B51D04126300C07320 /* ViewController.swift in Sources */,
				F48AC5BB1D04126400C07320 /* SampleNotStoryBoard.xcdatamodeld in Sources */,
				F48AC5B31D04126300C07320 /* AppDelegate.swift in Sources */,
			);
			runOnlyForDeploymentPostprocessing = 0;
		};
		F48AC5C21D04126400C07320 /* Sources */ = {
			isa = PBXSourcesBuildPhase;
			buildActionMask = 2147483647;
			files = (
				F48AC5CB1D04126400C07320 /* SampleNotStoryBoardTests.swift in Sources */,
			);
			runOnlyForDeploymentPostprocessing = 0;
		};
		F48AC5CD1D04126400C07320 /* Sources */ = {
			isa = PBXSourcesBuildPhase;
			buildActionMask = 2147483647;
			files = (
				F48AC5D61D04126400C07320 /* SampleNotStoryBoardUITests.swift in Sources */,
			);
			runOnlyForDeploymentPostprocessing = 0;
		};
/* End PBXSourcesBuildPhase section */

/* Begin PBXTargetDependency section */
		F48AC5C81D04126400C07320 /* PBXTargetDependency */ = {
			isa = PBXTargetDependency;
			target = F48AC5AE1D04126300C07320 /* SampleNotStoryBoard */;
			targetProxy = F48AC5C71D04126400C07320 /* PBXContainerItemProxy */;
		};
		F48AC5D31D04126400C07320 /* PBXTargetDependency */ = {
			isa = PBXTargetDependency;
			target = F48AC5AE1D04126300C07320 /* SampleNotStoryBoard */;
			targetProxy = F48AC5D21D04126400C07320 /* PBXContainerItemProxy */;
		};
/* End PBXTargetDependency section */

/* Begin PBXVariantGroup section */
		F48AC5B61D04126300C07320 /* Main.storyboard */ = {
			isa = PBXVariantGroup;
			children = (
				F48AC5B71D04126300C07320 /* Base */,
			);
			name = Main.storyboard;
			sourceTree = "<group>";
		};
		F48AC5BE1D04126400C07320 /* LaunchScreen.storyboard */ = {
			isa = PBXVariantGroup;
			children = (
				F48AC5BF1D04126400C07320 /* Base */,
			);
			name = LaunchScreen.storyboard;
			sourceTree = "<group>";
		};
/* End PBXVariantGroup section */

/* Begin XCBuildConfiguration section */
		F48AC5D81D04126400C07320 /* Debug */ = {
			isa = XCBuildConfiguration;
			buildSettings = {
				ALWAYS_SEARCH_USER_PATHS = NO;
				CLANG_CXX_LANGUAGE_STANDARD = "gnu++0x";
				CLANG_CXX_LIBRARY = "libc++";
				CLANG_ENABLE_MODULES = YES;
				CLANG_ENABLE_OBJC_ARC = YES;
				CLANG_WARN_BOOL_CONVERSION = YES;
				CLANG_WARN_CONSTANT_CONVERSION = YES;
				CLANG_WARN_DIRECT_OBJC_ISA_USAGE = YES_ERROR;
				CLANG_WARN_EMPTY_BODY = YES;
				CLANG_WARN_ENUM_CONVERSION = YES;
				CLANG_WARN_INT_CONVERSION = YES;
				CLANG_WARN_OBJC_ROOT_CLASS = YES_ERROR;
				CLANG_WARN_UNREACHABLE_CODE = YES;
				CLANG_WARN__DUPLICATE_METHOD_MATCH = YES;
				"CODE_SIGN_IDENTITY[sdk=iphoneos*]" = "iPhone Developer";
				COPY_PHASE_STRIP = NO;
				DEBUG_INFORMATION_FORMAT = dwarf;
				ENABLE_STRICT_OBJC_MSGSEND = YES;
				ENABLE_TESTABILITY = YES;
				GCC_C_LANGUAGE_STANDARD = gnu99;
				GCC_DYNAMIC_NO_PIC = NO;
				GCC_NO_COMMON_BLOCKS = YES;
				GCC_OPTIMIZATION_LEVEL = 0;
				GCC_PREPROCESSOR_DEFINITIONS = (
					"DEBUG=1",
					"$(inherited)",
				);
				GCC_WARN_64_TO_32_BIT_CONVERSION = YES;
				GCC_WARN_ABOUT_RETURN_TYPE = YES_ERROR;
				GCC_WARN_UNDECLARED_SELECTOR = YES;
				GCC_WARN_UNINITIALIZED_AUTOS = YES_AGGRESSIVE;
				GCC_WARN_UNUSED_FUNCTION = YES;
				GCC_WARN_UNUSED_VARIABLE = YES;
				IPHONEOS_DEPLOYMENT_TARGET = 9.2;
				MTL_ENABLE_DEBUG_INFO = YES;
				ONLY_ACTIVE_ARCH = YES;
				SDKROOT = iphoneos;
				SWIFT_OPTIMIZATION_LEVEL = "-Onone";
			};
			name = Debug;
		};
		F48AC5D91D04126400C07320 /* Release */ = {
			isa = XCBuildConfiguration;
			buildSettings = {
				ALWAYS_SEARCH_USER_PATHS = NO;
				CLANG_CXX_LANGUAGE_STANDARD = "gnu++0x";
				CLANG_CXX_LIBRARY = "libc++";
				CLANG_ENABLE_MODULES = YES;
				CLANG_ENABLE_OBJC_ARC = YES;
				CLANG_WARN_BOOL_CONVERSION = YES;
				CLANG_WARN_CONSTANT_CONVERSION = YES;
				CLANG_WARN_DIRECT_OBJC_ISA_USAGE = YES_ERROR;
				CLANG_WARN_EMPTY_BODY = YES;
				CLANG_WARN_ENUM_CONVERSION = YES;
				CLANG_WARN_INT_CONVERSION = YES;
				CLANG_WARN_OBJC_ROOT_CLASS = YES_ERROR;
				CLANG_WARN_UNREACHABLE_CODE = YES;
				CLANG_WARN__DUPLICATE_METHOD_MATCH = YES;
				"CODE_SIGN_IDENTITY[sdk=iphoneos*]" = "iPhone Developer";
				COPY_PHASE_STRIP = NO;
				DEBUG_INFORMATION_FORMAT = "dwarf-with-dsym";
				ENABLE_NS_ASSERTIONS = NO;
				ENABLE_STRICT_OBJC_MSGSEND = YES;
				GCC_C_LANGUAGE_STANDARD = gnu99;
				GCC_NO_COMMON_BLOCKS = YES;
				GCC_WARN_64_TO_32_BIT_CONVERSION = YES;
				GCC_WARN_ABOUT_RETURN_TYPE = YES_ERROR;
				GCC_WARN_UNDECLARED_SELECTOR = YES;
				GCC_WARN_UNINITIALIZED_AUTOS = YES_AGGRESSIVE;
				GCC_WARN_UNUSED_FUNCTION = YES;
				GCC_WARN_UNUSED_VARIABLE = YES;
				IPHONEOS_DEPLOYMENT_TARGET = 9.2;
				MTL_ENABLE_DEBUG_INFO = NO;
				SDKROOT = iphoneos;
				VALIDATE_PRODUCT = YES;
			};
			name = Release;
		};
		F48AC5DB1D04126400C07320 /* Debug */ = {
			isa = XCBuildConfiguration;
			buildSettings = {
				ASSETCATALOG_COMPILER_APPICON_NAME = AppIcon;
				INFOPLIST_FILE = SampleNotStoryBoard/Info.plist;
				LD_RUNPATH_SEARCH_PATHS = "$(inherited) @executable_path/Frameworks";
				PRODUCT_BUNDLE_IDENTIFIER = masai.kamachi.SampleNotStoryBoard;
				PRODUCT_NAME = "$(TARGET_NAME)";
			};
			name = Debug;
		};
		F48AC5DC1D04126400C07320 /* Release */ = {
			isa = XCBuildConfiguration;
			buildSettings = {
				ASSETCATALOG_COMPILER_APPICON_NAME = AppIcon;
				INFOPLIST_FILE = SampleNotStoryBoard/Info.plist;
				LD_RUNPATH_SEARCH_PATHS = "$(inherited) @executable_path/Frameworks";
				PRODUCT_BUNDLE_IDENTIFIER = masai.kamachi.SampleNotStoryBoard;
				PRODUCT_NAME = "$(TARGET_NAME)";
			};
			name = Release;
		};
		F48AC5DE1D04126400C07320 /* Debug */ = {
			isa = XCBuildConfiguration;
			buildSettings = {
				BUNDLE_LOADER = "$(TEST_HOST)";
				INFOPLIST_FILE = SampleNotStoryBoardTests/Info.plist;
				LD_RUNPATH_SEARCH_PATHS = "$(inherited) @executable_path/Frameworks @loader_path/Frameworks";
				PRODUCT_BUNDLE_IDENTIFIER = masai.kamachi.SampleNotStoryBoardTests;
				PRODUCT_NAME = "$(TARGET_NAME)";
				TEST_HOST = "$(BUILT_PRODUCTS_DIR)/SampleNotStoryBoard.app/SampleNotStoryBoard";
			};
			name = Debug;
		};
		F48AC5DF1D04126400C07320 /* Release */ = {
			isa = XCBuildConfiguration;
			buildSettings = {
				BUNDLE_LOADER = "$(TEST_HOST)";
				INFOPLIST_FILE = SampleNotStoryBoardTests/Info.plist;
				LD_RUNPATH_SEARCH_PATHS = "$(inherited) @executable_path/Frameworks @loader_path/Frameworks";
				PRODUCT_BUNDLE_IDENTIFIER = masai.kamachi.SampleNotStoryBoardTests;
				PRODUCT_NAME = "$(TARGET_NAME)";
				TEST_HOST = "$(BUILT_PRODUCTS_DIR)/SampleNotStoryBoard.app/SampleNotStoryBoard";
			};
			name = Release;
		};
		F48AC5E11D04126400C07320 /* Debug */ = {
			isa = XCBuildConfiguration;
			buildSettings = {
				INFOPLIST_FILE = SampleNotStoryBoardUITests/Info.plist;
				LD_RUNPATH_SEARCH_PATHS = "$(inherited) @executable_path/Frameworks @loader_path/Frameworks";
				PRODUCT_BUNDLE_IDENTIFIER = masai.kamachi.SampleNotStoryBoardUITests;
				PRODUCT_NAME = "$(TARGET_NAME)";
				TEST_TARGET_NAME = SampleNotStoryBoard;
				USES_XCTRUNNER = YES;
			};
			name = Debug;
		};
		F48AC5E21D04126400C07320 /* Release */ = {
			isa = XCBuildConfiguration;
			buildSettings = {
				INFOPLIST_FILE = SampleNotStoryBoardUITests/Info.plist;
				LD_RUNPATH_SEARCH_PATHS = "$(inherited) @executable_path/Frameworks @loader_path/Frameworks";
				PRODUCT_BUNDLE_IDENTIFIER = masai.kamachi.SampleNotStoryBoardUITests;
				PRODUCT_NAME = "$(TARGET_NAME)";
				TEST_TARGET_NAME = SampleNotStoryBoard;
				USES_XCTRUNNER = YES;
			};
			name = Release;
		};
/* End XCBuildConfiguration section */

/* Begin XCConfigurationList section */
		F48AC5AA1D04126300C07320 /* Build configuration list for PBXProject "SampleNotStoryBoard" */ = {
			isa = XCConfigurationList;
			buildConfigurations = (
				F48AC5D81D04126400C07320 /* Debug */,
				F48AC5D91D04126400C07320 /* Release */,
			);
			defaultConfigurationIsVisible = 0;
			defaultConfigurationName = Release;
		};
		F48AC5DA1D04126400C07320 /* Build configuration list for PBXNativeTarget "SampleNotStoryBoard" */ = {
			isa = XCConfigurationList;
			buildConfigurations = (
				F48AC5DB1D04126400C07320 /* Debug */,
				F48AC5DC1D04126400C07320 /* Release */,
			);
			defaultConfigurationIsVisible = 0;
		};
		F48AC5DD1D04126400C07320 /* Build configuration list for PBXNativeTarget "SampleNotStoryBoardTests" */ = {
			isa = XCConfigurationList;
			buildConfigurations = (
				F48AC5DE1D04126400C07320 /* Debug */,
				F48AC5DF1D04126400C07320 /* Release */,
			);
			defaultConfigurationIsVisible = 0;
		};
		F48AC5E01D04126400C07320 /* Build configuration list for PBXNativeTarget "SampleNotStoryBoardUITests" */ = {
			isa = XCConfigurationList;
			buildConfigurations = (
				F48AC5E11D04126400C07320 /* Debug */,
				F48AC5E21D04126400C07320 /* Release */,
			);
			defaultConfigurationIsVisible = 0;
		};
/* End XCConfigurationList section */

/* Begin XCVersionGroup section */
		F48AC5B91D04126300C07320 /* SampleNotStoryBoard.xcdatamodeld */ = {
			isa = XCVersionGroup;
			children = (
				F48AC5BA1D04126300C07320 /* SampleNotStoryBoard.xcdatamodel */,
			);
			currentVersion = F48AC5BA1D04126300C07320 /* SampleNotStoryBoard.xcdatamodel */;
			path = SampleNotStoryBoard.xcdatamodeld;
			sourceTree = "<group>";
			versionGroupType = wrapper.xcdatamodel;
		};
/* End XCVersionGroup section */
	};
	rootObject = F48AC5A71D04126300C07320 /* Project object */;
}
